// !$*UTF8*$!
{
	archiveVersion = 1;
	classes = {
	};
	objectVersion = 55;
	objects = {

/* Begin PBXFileReference section */
		B319C2ED2807A74F00F3F911 /* 01_01_helloWorld.c */ = {isa = PBXFileReference; lastKnownFileType = sourcecode.c.c; path = 01_01_helloWorld.c; sourceTree = "<group>"; };
		B319C2EE2807AAB400F3F911 /* 01_02_sharp.h */ = {isa = PBXFileReference; lastKnownFileType = sourcecode.c.h; path = 01_02_sharp.h; sourceTree = "<group>"; };
		B319C2EF2807AAB400F3F911 /* 01_02_sharp.c */ = {isa = PBXFileReference; lastKnownFileType = sourcecode.c.c; path = 01_02_sharp.c; sourceTree = "<group>"; };
		B319C2F02807AB7300F3F911 /* 01_03_add.h */ = {isa = PBXFileReference; lastKnownFileType = sourcecode.c.h; path = 01_03_add.h; sourceTree = "<group>"; };
		B319C2F12807AB7300F3F911 /* 01_03_add.c */ = {isa = PBXFileReference; lastKnownFileType = sourcecode.c.c; path = 01_03_add.c; sourceTree = "<group>"; };
		B319C2F22807AD7D00F3F911 /* 01_04_sub.h */ = {isa = PBXFileReference; lastKnownFileType = sourcecode.c.h; path = 01_04_sub.h; sourceTree = "<group>"; };
		B319C2F32807AD7D00F3F911 /* 01_04_sub.c */ = {isa = PBXFileReference; lastKnownFileType = sourcecode.c.c; path = 01_04_sub.c; sourceTree = "<group>"; };
/* End PBXFileReference section */

/* Begin PBXGroup section */
		B319C2E62807A53200F3F911 = {
			isa = PBXGroup;
			children = (
				B319C2ED2807A74F00F3F911 /* 01_01_helloWorld.c */,
				B319C2EE2807AAB400F3F911 /* 01_02_sharp.h */,
				B319C2EF2807AAB400F3F911 /* 01_02_sharp.c */,
				B319C2F02807AB7300F3F911 /* 01_03_add.h */,
				B319C2F12807AB7300F3F911 /* 01_03_add.c */,
				B319C2F22807AD7D00F3F911 /* 01_04_sub.h */,
				B319C2F32807AD7D00F3F911 /* 01_04_sub.c */,
			);
			sourceTree = "<group>";
		};
/* End PBXGroup section */

/* Begin PBXProject section */
		B319C2E72807A53200F3F911 /* Project object */ = {
			isa = PBXProject;
			attributes = {
				BuildIndependentTargetsInParallel = 1;
				LastUpgradeCheck = 1330;
			};
			buildConfigurationList = B319C2EA2807A53200F3F911 /* Build configuration list for PBXProject "prg1" */;
			compatibilityVersion = "Xcode 13.0";
			developmentRegion = en;
			hasScannedForEncodings = 0;
			knownRegions = (
				en,
				Base,
			);
			mainGroup = B319C2E62807A53200F3F911;
			projectDirPath = "";
			projectRoot = "";
			targets = (
			);
		};
/* End PBXProject section */

/* Begin XCBuildConfiguration section */
		B319C2EB2807A53200F3F911 /* Debug */ = {
			isa = XCBuildConfiguration;
			buildSettings = {
			};
			name = Debug;
		};
		B319C2EC2807A53200F3F911 /* Release */ = {
			isa = XCBuildConfiguration;
			buildSettings = {
			};
			name = Release;
		};
/* End XCBuildConfiguration section */

/* Begin XCConfigurationList section */
		B319C2EA2807A53200F3F911 /* Build configuration list for PBXProject "prg1" */ = {
			isa = XCConfigurationList;
			buildConfigurations = (
				B319C2EB2807A53200F3F911 /* Debug */,
				B319C2EC2807A53200F3F911 /* Release */,
			);
			defaultConfigurationIsVisible = 0;
			defaultConfigurationName = Release;
		};
/* End XCConfigurationList section */
	};
	rootObject = B319C2E72807A53200F3F911 /* Project object */;
}
